
Microsoft Visual Studio Solution File, Format Version 12.00
# Visual Studio 15
VisualStudioVersion = 15.0.27130.2010
MinimumVisualStudioVersion = 10.0.40219.1
Project("{2150E333-8FDC-42A3-9474-1A3956D46DE8}") = ".Net Framework 3.5", ".Net Framework 3.5", "{3EED83D6-C656-4347-A1B3-A82730377DAB}"
EndProject
Project("{2150E333-8FDC-42A3-9474-1A3956D46DE8}") = ".Net Standard", ".Net Standard", "{15D6DC0F-87CF-42C6-8AA6-85B3DE40BC0E}"
EndProject
Project("{FAE04EC0-301F-11D3-BF4B-00C04F79EFBC}") = "RuyiLogger.nf2.0", "RuyiLogger.nf2.0\RuyiLogger.nf2.0.csproj", "{0C3F3187-05AB-4579-A87A-7798DD22B09C}"
EndProject
Project("{FAE04EC0-301F-11D3-BF4B-00C04F79EFBC}") = "ServiceGenerated.nf2.0", "ServiceGenerated.nf2.0\ServiceGenerated.nf2.0.csproj", "{28CF6630-ABBD-43F5-8F2D-A74449E86CD1}"
EndProject
Project("{FAE04EC0-301F-11D3-BF4B-00C04F79EFBC}") = "RuyiSDK.nf2.0", "RuyiSDK.nf2.0\RuyiSDK.nf2.0.csproj", "{690773DD-F715-4956-9471-357B1F81D933}"
EndProject
Project("{2150E333-8FDC-42A3-9474-1A3956D46DE8}") = "Cpp", "Cpp", "{9D2F48E7-8F99-45F2-8813-3E2F1F23EC7B}"
EndProject
Project("{8BC9CEB8-8B4A-11D0-8D11-00A0C91BC942}") = "libthrift", "..\externals\thrift.cpp\libthrift.vcxproj", "{DD26F57E-60F2-4F37-A616-D219A9BF338F}"
EndProject
Project("{8BC9CEB8-8B4A-11D0-8D11-00A0C91BC942}") = "RuyiSDKCpp", "RuyiSDKCpp\RuyiSDKCpp.vcxproj", "{7F95F91F-5158-4B26-8908-E7FE99DE727F}"
EndProject
Project("{9A19103F-16F7-4668-BE54-9A1E7A4F7556}") = "RuyiLogger", "RuyiLogger\RuyiLogger.csproj", "{856B8D54-FA32-437D-9D6D-D04EC931E5BA}"
EndProject
Project("{FAE04EC0-301F-11D3-BF4B-00C04F79EFBC}") = "SDK.Base.nf2.0", "SDK.Base.nf2.0\SDK.Base.nf2.0.csproj", "{643518C4-B9C5-48CE-890C-FB2A52F0EDA1}"
EndProject
Project("{8BC9CEB8-8B4A-11D0-8D11-00A0C91BC942}") = "RuyiCppSDKTest", "RuyiCppSDKTest\RuyiCppSDKTest.vcxproj", "{66AACB9D-2D46-446D-82DF-4EBF12A49F62}"
	ProjectSection(ProjectDependencies) = postProject
		{7F95F91F-5158-4B26-8908-E7FE99DE727F} = {7F95F91F-5158-4B26-8908-E7FE99DE727F}
	EndProjectSection
EndProject
Project("{2150E333-8FDC-42A3-9474-1A3956D46DE8}") = "Tests", "Tests", "{59076E6A-0FA2-4B78-965F-D5FC0A0D1B24}"
EndProject
Project("{FAE04EC0-301F-11D3-BF4B-00C04F79EFBC}") = "UnitTests", "UnitTests\UnitTests.csproj", "{00FDDB01-E298-4BD2-A262-8DF64F1749FF}"
EndProject
Project("{8BC9CEB8-8B4A-11D0-8D11-00A0C91BC942}") = "jsoncpp", "..\externals\jsoncpp\jsoncpp.vcxproj", "{03765EF7-9F16-47AE-8E57-7099BDC8ECCD}"
EndProject
Project("{FAE04EC0-301F-11D3-BF4B-00C04F79EFBC}") = "Thrift", "..\externals\thrift.csharp\Thrift.csproj", "{499EB63C-D74C-47E8-AE48-A2FC94538E9D}"
EndProject
Project("{9A19103F-16F7-4668-BE54-9A1E7A4F7556}") = "SDK.RuyiSDKAsync", "RuyiSDKAsync\SDK.RuyiSDKAsync.csproj", "{E48FB0B2-B2D7-492C-A612-6B8A67A6DA81}"
EndProject
Project("{9A19103F-16F7-4668-BE54-9A1E7A4F7556}") = "SDK.Gen.ServiceAsync", "SDK.Gen.ServiceAsync\SDK.Gen.ServiceAsync.csproj", "{9F76E2D7-FECC-45A4-9D8E-425FA9E3D9A6}"
EndProject
Project("{9A19103F-16F7-4668-BE54-9A1E7A4F7556}") = "SDK.Gen.CommonAsync", "SDK.Gen.CommonAsync\SDK.Gen.CommonAsync.csproj", "{53A8C60D-9B8E-4A2F-A778-FE50D1973C7F}"
EndProject
Project("{9A19103F-16F7-4668-BE54-9A1E7A4F7556}") = "SDK.BaseAsync", "SDK.BaseAsync\SDK.BaseAsync.csproj", "{D2FFD3AF-2FE2-4DBA-A7F4-111224570776}"
EndProject
Project("{8BC9CEB8-8B4A-11D0-8D11-00A0C91BC942}") = "CppSDKConsole", "..\..\..\CppSDKConsole\CppSDKConsole.vcxproj", "{B98B79D4-506D-4128-85C5-86DBAFDFCCA2}"
EndProject
Project("{FAE04EC0-301F-11D3-BF4B-00C04F79EFBC}") = "DocTests", "DocTests\DocTests.csproj", "{3729A82A-A1DB-4327-BA23-5C1C24D5C75E}"
EndProject
Global
	GlobalSection(SolutionConfigurationPlatforms) = preSolution
		Debug_mt|Any CPU = Debug_mt|Any CPU
		Debug_mt|x64 = Debug_mt|x64
		Debug_mt|x86 = Debug_mt|x86
		Debug|Any CPU = Debug|Any CPU
		Debug|x64 = Debug|x64
		Debug|x86 = Debug|x86
		Release_mt|Any CPU = Release_mt|Any CPU
		Release_mt|x64 = Release_mt|x64
		Release_mt|x86 = Release_mt|x86
		Release|Any CPU = Release|Any CPU
		Release|x64 = Release|x64
		Release|x86 = Release|x86
	EndGlobalSection
	GlobalSection(ProjectConfigurationPlatforms) = postSolution
		{0C3F3187-05AB-4579-A87A-7798DD22B09C}.Debug_mt|Any CPU.ActiveCfg = Debug|Any CPU
		{0C3F3187-05AB-4579-A87A-7798DD22B09C}.Debug_mt|x64.ActiveCfg = Debug|Any CPU
		{0C3F3187-05AB-4579-A87A-7798DD22B09C}.Debug_mt|x86.ActiveCfg = Debug|Any CPU
		{0C3F3187-05AB-4579-A87A-7798DD22B09C}.Debug|Any CPU.ActiveCfg = Debug|Any CPU
		{0C3F3187-05AB-4579-A87A-7798DD22B09C}.Debug|Any CPU.Build.0 = Debug|Any CPU
		{0C3F3187-05AB-4579-A87A-7798DD22B09C}.Debug|x64.ActiveCfg = Debug|Any CPU
		{0C3F3187-05AB-4579-A87A-7798DD22B09C}.Debug|x64.Build.0 = Debug|Any CPU
		{0C3F3187-05AB-4579-A87A-7798DD22B09C}.Debug|x86.ActiveCfg = Debug|Any CPU
		{0C3F3187-05AB-4579-A87A-7798DD22B09C}.Debug|x86.Build.0 = Debug|Any CPU
		{0C3F3187-05AB-4579-A87A-7798DD22B09C}.Release_mt|Any CPU.ActiveCfg = Release|Any CPU
		{0C3F3187-05AB-4579-A87A-7798DD22B09C}.Release_mt|x64.ActiveCfg = Release|Any CPU
		{0C3F3187-05AB-4579-A87A-7798DD22B09C}.Release_mt|x86.ActiveCfg = Release|Any CPU
		{0C3F3187-05AB-4579-A87A-7798DD22B09C}.Release|Any CPU.ActiveCfg = Release|Any CPU
		{0C3F3187-05AB-4579-A87A-7798DD22B09C}.Release|Any CPU.Build.0 = Release|Any CPU
		{0C3F3187-05AB-4579-A87A-7798DD22B09C}.Release|x64.ActiveCfg = Release|Any CPU
		{0C3F3187-05AB-4579-A87A-7798DD22B09C}.Release|x64.Build.0 = Release|Any CPU
		{0C3F3187-05AB-4579-A87A-7798DD22B09C}.Release|x86.ActiveCfg = Release|Any CPU
		{0C3F3187-05AB-4579-A87A-7798DD22B09C}.Release|x86.Build.0 = Release|Any CPU
		{28CF6630-ABBD-43F5-8F2D-A74449E86CD1}.Debug_mt|Any CPU.ActiveCfg = Debug|Any CPU
		{28CF6630-ABBD-43F5-8F2D-A74449E86CD1}.Debug_mt|x64.ActiveCfg = Debug|Any CPU
		{28CF6630-ABBD-43F5-8F2D-A74449E86CD1}.Debug_mt|x86.ActiveCfg = Debug|Any CPU
		{28CF6630-ABBD-43F5-8F2D-A74449E86CD1}.Debug|Any CPU.ActiveCfg = Debug|Any CPU
		{28CF6630-ABBD-43F5-8F2D-A74449E86CD1}.Debug|Any CPU.Build.0 = Debug|Any CPU
		{28CF6630-ABBD-43F5-8F2D-A74449E86CD1}.Debug|x64.ActiveCfg = Debug|Any CPU
		{28CF6630-ABBD-43F5-8F2D-A74449E86CD1}.Debug|x64.Build.0 = Debug|Any CPU
		{28CF6630-ABBD-43F5-8F2D-A74449E86CD1}.Debug|x86.ActiveCfg = Debug|Any CPU
		{28CF6630-ABBD-43F5-8F2D-A74449E86CD1}.Debug|x86.Build.0 = Debug|Any CPU
		{28CF6630-ABBD-43F5-8F2D-A74449E86CD1}.Release_mt|Any CPU.ActiveCfg = Release|Any CPU
		{28CF6630-ABBD-43F5-8F2D-A74449E86CD1}.Release_mt|x64.ActiveCfg = Release|Any CPU
		{28CF6630-ABBD-43F5-8F2D-A74449E86CD1}.Release_mt|x86.ActiveCfg = Release|Any CPU
		{28CF6630-ABBD-43F5-8F2D-A74449E86CD1}.Release|Any CPU.ActiveCfg = Release|Any CPU
		{28CF6630-ABBD-43F5-8F2D-A74449E86CD1}.Release|Any CPU.Build.0 = Release|Any CPU
		{28CF6630-ABBD-43F5-8F2D-A74449E86CD1}.Release|x64.ActiveCfg = Release|Any CPU
		{28CF6630-ABBD-43F5-8F2D-A74449E86CD1}.Release|x64.Build.0 = Release|Any CPU
		{28CF6630-ABBD-43F5-8F2D-A74449E86CD1}.Release|x86.ActiveCfg = Release|Any CPU
		{28CF6630-ABBD-43F5-8F2D-A74449E86CD1}.Release|x86.Build.0 = Release|Any CPU
		{690773DD-F715-4956-9471-357B1F81D933}.Debug_mt|Any CPU.ActiveCfg = Debug|Any CPU
		{690773DD-F715-4956-9471-357B1F81D933}.Debug_mt|x64.ActiveCfg = Debug|Any CPU
		{690773DD-F715-4956-9471-357B1F81D933}.Debug_mt|x86.ActiveCfg = Debug|Any CPU
		{690773DD-F715-4956-9471-357B1F81D933}.Debug|Any CPU.ActiveCfg = Debug|Any CPU
		{690773DD-F715-4956-9471-357B1F81D933}.Debug|Any CPU.Build.0 = Debug|Any CPU
		{690773DD-F715-4956-9471-357B1F81D933}.Debug|x64.ActiveCfg = Debug|Any CPU
		{690773DD-F715-4956-9471-357B1F81D933}.Debug|x64.Build.0 = Debug|Any CPU
		{690773DD-F715-4956-9471-357B1F81D933}.Debug|x86.ActiveCfg = Debug|Any CPU
		{690773DD-F715-4956-9471-357B1F81D933}.Debug|x86.Build.0 = Debug|Any CPU
		{690773DD-F715-4956-9471-357B1F81D933}.Release_mt|Any CPU.ActiveCfg = Release|Any CPU
		{690773DD-F715-4956-9471-357B1F81D933}.Release_mt|x64.ActiveCfg = Release|Any CPU
		{690773DD-F715-4956-9471-357B1F81D933}.Release_mt|x86.ActiveCfg = Release|Any CPU
		{690773DD-F715-4956-9471-357B1F81D933}.Release|Any CPU.ActiveCfg = Release|Any CPU
		{690773DD-F715-4956-9471-357B1F81D933}.Release|Any CPU.Build.0 = Release|Any CPU
		{690773DD-F715-4956-9471-357B1F81D933}.Release|x64.ActiveCfg = Release|Any CPU
		{690773DD-F715-4956-9471-357B1F81D933}.Release|x64.Build.0 = Release|Any CPU
		{690773DD-F715-4956-9471-357B1F81D933}.Release|x86.ActiveCfg = Release|Any CPU
		{690773DD-F715-4956-9471-357B1F81D933}.Release|x86.Build.0 = Release|Any CPU
		{DD26F57E-60F2-4F37-A616-D219A9BF338F}.Debug_mt|Any CPU.ActiveCfg = Debug_mt|x64
		{DD26F57E-60F2-4F37-A616-D219A9BF338F}.Debug_mt|Any CPU.Build.0 = Debug_mt|x64
		{DD26F57E-60F2-4F37-A616-D219A9BF338F}.Debug_mt|x64.ActiveCfg = Debug_mt|x64
		{DD26F57E-60F2-4F37-A616-D219A9BF338F}.Debug_mt|x64.Build.0 = Debug_mt|x64
		{DD26F57E-60F2-4F37-A616-D219A9BF338F}.Debug_mt|x86.ActiveCfg = Debug_mt|Win32
		{DD26F57E-60F2-4F37-A616-D219A9BF338F}.Debug_mt|x86.Build.0 = Debug_mt|Win32
		{DD26F57E-60F2-4F37-A616-D219A9BF338F}.Debug|Any CPU.ActiveCfg = Debug|x64
		{DD26F57E-60F2-4F37-A616-D219A9BF338F}.Debug|Any CPU.Build.0 = Debug|x64
		{DD26F57E-60F2-4F37-A616-D219A9BF338F}.Debug|x64.ActiveCfg = Debug|x64
		{DD26F57E-60F2-4F37-A616-D219A9BF338F}.Debug|x64.Build.0 = Debug|x64
		{DD26F57E-60F2-4F37-A616-D219A9BF338F}.Debug|x86.ActiveCfg = Debug|Win32
		{DD26F57E-60F2-4F37-A616-D219A9BF338F}.Debug|x86.Build.0 = Debug|Win32
		{DD26F57E-60F2-4F37-A616-D219A9BF338F}.Release_mt|Any CPU.ActiveCfg = Release_mt|x64
		{DD26F57E-60F2-4F37-A616-D219A9BF338F}.Release_mt|Any CPU.Build.0 = Release_mt|x64
		{DD26F57E-60F2-4F37-A616-D219A9BF338F}.Release_mt|x64.ActiveCfg = Release_mt|x64
		{DD26F57E-60F2-4F37-A616-D219A9BF338F}.Release_mt|x64.Build.0 = Release_mt|x64
		{DD26F57E-60F2-4F37-A616-D219A9BF338F}.Release_mt|x86.ActiveCfg = Release_mt|Win32
		{DD26F57E-60F2-4F37-A616-D219A9BF338F}.Release_mt|x86.Build.0 = Release_mt|Win32
		{DD26F57E-60F2-4F37-A616-D219A9BF338F}.Release|Any CPU.ActiveCfg = Release|x64
		{DD26F57E-60F2-4F37-A616-D219A9BF338F}.Release|Any CPU.Build.0 = Release|x64
		{DD26F57E-60F2-4F37-A616-D219A9BF338F}.Release|x64.ActiveCfg = Release|x64
		{DD26F57E-60F2-4F37-A616-D219A9BF338F}.Release|x64.Build.0 = Release|x64
		{DD26F57E-60F2-4F37-A616-D219A9BF338F}.Release|x86.ActiveCfg = Release|Win32
		{DD26F57E-60F2-4F37-A616-D219A9BF338F}.Release|x86.Build.0 = Release|Win32
		{7F95F91F-5158-4B26-8908-E7FE99DE727F}.Debug_mt|Any CPU.ActiveCfg = Debug_mt|x64
		{7F95F91F-5158-4B26-8908-E7FE99DE727F}.Debug_mt|Any CPU.Build.0 = Debug_mt|x64
		{7F95F91F-5158-4B26-8908-E7FE99DE727F}.Debug_mt|x64.ActiveCfg = Debug_mt|x64
		{7F95F91F-5158-4B26-8908-E7FE99DE727F}.Debug_mt|x64.Build.0 = Debug_mt|x64
		{7F95F91F-5158-4B26-8908-E7FE99DE727F}.Debug_mt|x86.ActiveCfg = Debug_mt|Win32
		{7F95F91F-5158-4B26-8908-E7FE99DE727F}.Debug_mt|x86.Build.0 = Debug_mt|Win32
		{7F95F91F-5158-4B26-8908-E7FE99DE727F}.Debug|Any CPU.ActiveCfg = Debug|x64
		{7F95F91F-5158-4B26-8908-E7FE99DE727F}.Debug|Any CPU.Build.0 = Debug|x64
		{7F95F91F-5158-4B26-8908-E7FE99DE727F}.Debug|x64.ActiveCfg = Debug|x64
		{7F95F91F-5158-4B26-8908-E7FE99DE727F}.Debug|x64.Build.0 = Debug|x64
		{7F95F91F-5158-4B26-8908-E7FE99DE727F}.Debug|x86.ActiveCfg = Debug|Win32
		{7F95F91F-5158-4B26-8908-E7FE99DE727F}.Debug|x86.Build.0 = Debug|Win32
		{7F95F91F-5158-4B26-8908-E7FE99DE727F}.Release_mt|Any CPU.ActiveCfg = Release_mt|x64
		{7F95F91F-5158-4B26-8908-E7FE99DE727F}.Release_mt|Any CPU.Build.0 = Release_mt|x64
		{7F95F91F-5158-4B26-8908-E7FE99DE727F}.Release_mt|x64.ActiveCfg = Release_mt|x64
		{7F95F91F-5158-4B26-8908-E7FE99DE727F}.Release_mt|x64.Build.0 = Release_mt|x64
		{7F95F91F-5158-4B26-8908-E7FE99DE727F}.Release_mt|x86.ActiveCfg = Release_mt|Win32
		{7F95F91F-5158-4B26-8908-E7FE99DE727F}.Release_mt|x86.Build.0 = Release_mt|Win32
		{7F95F91F-5158-4B26-8908-E7FE99DE727F}.Release|Any CPU.ActiveCfg = Release|x64
		{7F95F91F-5158-4B26-8908-E7FE99DE727F}.Release|Any CPU.Build.0 = Release|x64
		{7F95F91F-5158-4B26-8908-E7FE99DE727F}.Release|x64.ActiveCfg = Release|x64
		{7F95F91F-5158-4B26-8908-E7FE99DE727F}.Release|x64.Build.0 = Release|x64
		{7F95F91F-5158-4B26-8908-E7FE99DE727F}.Release|x86.ActiveCfg = Release|Win32
		{7F95F91F-5158-4B26-8908-E7FE99DE727F}.Release|x86.Build.0 = Release|Win32
		{856B8D54-FA32-437D-9D6D-D04EC931E5BA}.Debug_mt|Any CPU.ActiveCfg = Debug|Any CPU
		{856B8D54-FA32-437D-9D6D-D04EC931E5BA}.Debug_mt|x64.ActiveCfg = Debug|Any CPU
		{856B8D54-FA32-437D-9D6D-D04EC931E5BA}.Debug_mt|x86.ActiveCfg = Debug|Any CPU
		{856B8D54-FA32-437D-9D6D-D04EC931E5BA}.Debug|Any CPU.ActiveCfg = Debug|Any CPU
		{856B8D54-FA32-437D-9D6D-D04EC931E5BA}.Debug|Any CPU.Build.0 = Debug|Any CPU
		{856B8D54-FA32-437D-9D6D-D04EC931E5BA}.Debug|x64.ActiveCfg = Debug|Any CPU
		{856B8D54-FA32-437D-9D6D-D04EC931E5BA}.Debug|x64.Build.0 = Debug|Any CPU
		{856B8D54-FA32-437D-9D6D-D04EC931E5BA}.Debug|x86.ActiveCfg = Debug|Any CPU
		{856B8D54-FA32-437D-9D6D-D04EC931E5BA}.Debug|x86.Build.0 = Debug|Any CPU
		{856B8D54-FA32-437D-9D6D-D04EC931E5BA}.Release_mt|Any CPU.ActiveCfg = Release|Any CPU
		{856B8D54-FA32-437D-9D6D-D04EC931E5BA}.Release_mt|x64.ActiveCfg = Release|Any CPU
		{856B8D54-FA32-437D-9D6D-D04EC931E5BA}.Release_mt|x86.ActiveCfg = Release|Any CPU
		{856B8D54-FA32-437D-9D6D-D04EC931E5BA}.Release|Any CPU.ActiveCfg = Release|Any CPU
		{856B8D54-FA32-437D-9D6D-D04EC931E5BA}.Release|Any CPU.Build.0 = Release|Any CPU
		{856B8D54-FA32-437D-9D6D-D04EC931E5BA}.Release|x64.ActiveCfg = Release|Any CPU
		{856B8D54-FA32-437D-9D6D-D04EC931E5BA}.Release|x64.Build.0 = Release|Any CPU
		{856B8D54-FA32-437D-9D6D-D04EC931E5BA}.Release|x86.ActiveCfg = Release|Any CPU
		{856B8D54-FA32-437D-9D6D-D04EC931E5BA}.Release|x86.Build.0 = Release|Any CPU
		{643518C4-B9C5-48CE-890C-FB2A52F0EDA1}.Debug_mt|Any CPU.ActiveCfg = Debug|Any CPU
		{643518C4-B9C5-48CE-890C-FB2A52F0EDA1}.Debug_mt|x64.ActiveCfg = Debug|Any CPU
		{643518C4-B9C5-48CE-890C-FB2A52F0EDA1}.Debug_mt|x86.ActiveCfg = Debug|Any CPU
		{643518C4-B9C5-48CE-890C-FB2A52F0EDA1}.Debug|Any CPU.ActiveCfg = Debug|Any CPU
		{643518C4-B9C5-48CE-890C-FB2A52F0EDA1}.Debug|Any CPU.Build.0 = Debug|Any CPU
		{643518C4-B9C5-48CE-890C-FB2A52F0EDA1}.Debug|x64.ActiveCfg = Debug|Any CPU
		{643518C4-B9C5-48CE-890C-FB2A52F0EDA1}.Debug|x64.Build.0 = Debug|Any CPU
		{643518C4-B9C5-48CE-890C-FB2A52F0EDA1}.Debug|x86.ActiveCfg = Debug|Any CPU
		{643518C4-B9C5-48CE-890C-FB2A52F0EDA1}.Debug|x86.Build.0 = Debug|Any CPU
		{643518C4-B9C5-48CE-890C-FB2A52F0EDA1}.Release_mt|Any CPU.ActiveCfg = Release|Any CPU
		{643518C4-B9C5-48CE-890C-FB2A52F0EDA1}.Release_mt|x64.ActiveCfg = Release|Any CPU
		{643518C4-B9C5-48CE-890C-FB2A52F0EDA1}.Release_mt|x86.ActiveCfg = Release|Any CPU
		{643518C4-B9C5-48CE-890C-FB2A52F0EDA1}.Release|Any CPU.ActiveCfg = Release|Any CPU
		{643518C4-B9C5-48CE-890C-FB2A52F0EDA1}.Release|Any CPU.Build.0 = Release|Any CPU
		{643518C4-B9C5-48CE-890C-FB2A52F0EDA1}.Release|x64.ActiveCfg = Release|Any CPU
		{643518C4-B9C5-48CE-890C-FB2A52F0EDA1}.Release|x64.Build.0 = Release|Any CPU
		{643518C4-B9C5-48CE-890C-FB2A52F0EDA1}.Release|x86.ActiveCfg = Release|Any CPU
		{643518C4-B9C5-48CE-890C-FB2A52F0EDA1}.Release|x86.Build.0 = Release|Any CPU
		{66AACB9D-2D46-446D-82DF-4EBF12A49F62}.Debug_mt|Any CPU.ActiveCfg = Debug_mt|x64
		{66AACB9D-2D46-446D-82DF-4EBF12A49F62}.Debug_mt|Any CPU.Build.0 = Debug_mt|x64
		{66AACB9D-2D46-446D-82DF-4EBF12A49F62}.Debug_mt|x64.ActiveCfg = Debug_mt|x64
		{66AACB9D-2D46-446D-82DF-4EBF12A49F62}.Debug_mt|x64.Build.0 = Debug_mt|x64
		{66AACB9D-2D46-446D-82DF-4EBF12A49F62}.Debug_mt|x86.ActiveCfg = Debug_mt|Win32
		{66AACB9D-2D46-446D-82DF-4EBF12A49F62}.Debug_mt|x86.Build.0 = Debug_mt|Win32
		{66AACB9D-2D46-446D-82DF-4EBF12A49F62}.Debug|Any CPU.ActiveCfg = Debug|x64
		{66AACB9D-2D46-446D-82DF-4EBF12A49F62}.Debug|Any CPU.Build.0 = Debug|x64
		{66AACB9D-2D46-446D-82DF-4EBF12A49F62}.Debug|x64.ActiveCfg = Debug|x64
		{66AACB9D-2D46-446D-82DF-4EBF12A49F62}.Debug|x64.Build.0 = Debug|x64
		{66AACB9D-2D46-446D-82DF-4EBF12A49F62}.Debug|x86.ActiveCfg = Debug|Win32
		{66AACB9D-2D46-446D-82DF-4EBF12A49F62}.Debug|x86.Build.0 = Debug|Win32
		{66AACB9D-2D46-446D-82DF-4EBF12A49F62}.Release_mt|Any CPU.ActiveCfg = Release_mt|x64
		{66AACB9D-2D46-446D-82DF-4EBF12A49F62}.Release_mt|Any CPU.Build.0 = Release_mt|x64
		{66AACB9D-2D46-446D-82DF-4EBF12A49F62}.Release_mt|x64.ActiveCfg = Release_mt|x64
		{66AACB9D-2D46-446D-82DF-4EBF12A49F62}.Release_mt|x64.Build.0 = Release_mt|x64
		{66AACB9D-2D46-446D-82DF-4EBF12A49F62}.Release_mt|x86.ActiveCfg = Release_mt|Win32
		{66AACB9D-2D46-446D-82DF-4EBF12A49F62}.Release_mt|x86.Build.0 = Release_mt|Win32
		{66AACB9D-2D46-446D-82DF-4EBF12A49F62}.Release|Any CPU.ActiveCfg = Release|x64
		{66AACB9D-2D46-446D-82DF-4EBF12A49F62}.Release|Any CPU.Build.0 = Release|x64
		{66AACB9D-2D46-446D-82DF-4EBF12A49F62}.Release|x64.ActiveCfg = Release|x64
		{66AACB9D-2D46-446D-82DF-4EBF12A49F62}.Release|x64.Build.0 = Release|x64
		{66AACB9D-2D46-446D-82DF-4EBF12A49F62}.Release|x86.ActiveCfg = Release|Win32
		{66AACB9D-2D46-446D-82DF-4EBF12A49F62}.Release|x86.Build.0 = Release|Win32
		{00FDDB01-E298-4BD2-A262-8DF64F1749FF}.Debug_mt|Any CPU.ActiveCfg = Debug|Any CPU
		{00FDDB01-E298-4BD2-A262-8DF64F1749FF}.Debug_mt|x64.ActiveCfg = Debug|Any CPU
		{00FDDB01-E298-4BD2-A262-8DF64F1749FF}.Debug_mt|x86.ActiveCfg = Debug|Any CPU
		{00FDDB01-E298-4BD2-A262-8DF64F1749FF}.Debug_mt|x86.Build.0 = Debug|Any CPU
		{00FDDB01-E298-4BD2-A262-8DF64F1749FF}.Debug|Any CPU.ActiveCfg = Debug|Any CPU
		{00FDDB01-E298-4BD2-A262-8DF64F1749FF}.Debug|Any CPU.Build.0 = Debug|Any CPU
		{00FDDB01-E298-4BD2-A262-8DF64F1749FF}.Debug|x64.ActiveCfg = Debug|Any CPU
		{00FDDB01-E298-4BD2-A262-8DF64F1749FF}.Debug|x64.Build.0 = Debug|Any CPU
		{00FDDB01-E298-4BD2-A262-8DF64F1749FF}.Debug|x86.ActiveCfg = Debug|Any CPU
		{00FDDB01-E298-4BD2-A262-8DF64F1749FF}.Debug|x86.Build.0 = Debug|Any CPU
		{00FDDB01-E298-4BD2-A262-8DF64F1749FF}.Release_mt|Any CPU.ActiveCfg = Release|Any CPU
		{00FDDB01-E298-4BD2-A262-8DF64F1749FF}.Release_mt|x64.ActiveCfg = Release|Any CPU
		{00FDDB01-E298-4BD2-A262-8DF64F1749FF}.Release_mt|x86.ActiveCfg = Release|Any CPU
		{00FDDB01-E298-4BD2-A262-8DF64F1749FF}.Release_mt|x86.Build.0 = Release|Any CPU
		{00FDDB01-E298-4BD2-A262-8DF64F1749FF}.Release|Any CPU.ActiveCfg = Release|Any CPU
		{00FDDB01-E298-4BD2-A262-8DF64F1749FF}.Release|Any CPU.Build.0 = Release|Any CPU
		{00FDDB01-E298-4BD2-A262-8DF64F1749FF}.Release|x64.ActiveCfg = Release|Any CPU
		{00FDDB01-E298-4BD2-A262-8DF64F1749FF}.Release|x64.Build.0 = Release|Any CPU
		{00FDDB01-E298-4BD2-A262-8DF64F1749FF}.Release|x86.ActiveCfg = Release|Any CPU
		{00FDDB01-E298-4BD2-A262-8DF64F1749FF}.Release|x86.Build.0 = Release|Any CPU
		{03765EF7-9F16-47AE-8E57-7099BDC8ECCD}.Debug_mt|Any CPU.ActiveCfg = Debug_mt|x64
		{03765EF7-9F16-47AE-8E57-7099BDC8ECCD}.Debug_mt|Any CPU.Build.0 = Debug_mt|x64
		{03765EF7-9F16-47AE-8E57-7099BDC8ECCD}.Debug_mt|x64.ActiveCfg = Debug_mt|x64
		{03765EF7-9F16-47AE-8E57-7099BDC8ECCD}.Debug_mt|x64.Build.0 = Debug_mt|x64
		{03765EF7-9F16-47AE-8E57-7099BDC8ECCD}.Debug_mt|x86.ActiveCfg = Debug_mt|Win32
		{03765EF7-9F16-47AE-8E57-7099BDC8ECCD}.Debug_mt|x86.Build.0 = Debug_mt|Win32
		{03765EF7-9F16-47AE-8E57-7099BDC8ECCD}.Debug|Any CPU.ActiveCfg = Debug|x64
		{03765EF7-9F16-47AE-8E57-7099BDC8ECCD}.Debug|Any CPU.Build.0 = Debug|x64
		{03765EF7-9F16-47AE-8E57-7099BDC8ECCD}.Debug|x64.ActiveCfg = Debug|x64
		{03765EF7-9F16-47AE-8E57-7099BDC8ECCD}.Debug|x64.Build.0 = Debug|x64
		{03765EF7-9F16-47AE-8E57-7099BDC8ECCD}.Debug|x86.ActiveCfg = Debug|Win32
		{03765EF7-9F16-47AE-8E57-7099BDC8ECCD}.Debug|x86.Build.0 = Debug|Win32
		{03765EF7-9F16-47AE-8E57-7099BDC8ECCD}.Release_mt|Any CPU.ActiveCfg = Release_mt|x64
		{03765EF7-9F16-47AE-8E57-7099BDC8ECCD}.Release_mt|Any CPU.Build.0 = Release_mt|x64
		{03765EF7-9F16-47AE-8E57-7099BDC8ECCD}.Release_mt|x64.ActiveCfg = Release_mt|x64
		{03765EF7-9F16-47AE-8E57-7099BDC8ECCD}.Release_mt|x64.Build.0 = Release_mt|x64
		{03765EF7-9F16-47AE-8E57-7099BDC8ECCD}.Release_mt|x86.ActiveCfg = Release_mt|Win32
		{03765EF7-9F16-47AE-8E57-7099BDC8ECCD}.Release_mt|x86.Build.0 = Release_mt|Win32
		{03765EF7-9F16-47AE-8E57-7099BDC8ECCD}.Release|Any CPU.ActiveCfg = Release|x64
		{03765EF7-9F16-47AE-8E57-7099BDC8ECCD}.Release|Any CPU.Build.0 = Release|x64
		{03765EF7-9F16-47AE-8E57-7099BDC8ECCD}.Release|x64.ActiveCfg = Release|x64
		{03765EF7-9F16-47AE-8E57-7099BDC8ECCD}.Release|x64.Build.0 = Release|x64
		{03765EF7-9F16-47AE-8E57-7099BDC8ECCD}.Release|x86.ActiveCfg = Release|Win32
		{03765EF7-9F16-47AE-8E57-7099BDC8ECCD}.Release|x86.Build.0 = Release|Win32
		{499EB63C-D74C-47E8-AE48-A2FC94538E9D}.Debug_mt|Any CPU.ActiveCfg = Debug|Any CPU
		{499EB63C-D74C-47E8-AE48-A2FC94538E9D}.Debug_mt|Any CPU.Build.0 = Debug|Any CPU
		{499EB63C-D74C-47E8-AE48-A2FC94538E9D}.Debug_mt|x64.ActiveCfg = Debug|Any CPU
		{499EB63C-D74C-47E8-AE48-A2FC94538E9D}.Debug_mt|x64.Build.0 = Debug|Any CPU
		{499EB63C-D74C-47E8-AE48-A2FC94538E9D}.Debug_mt|x86.ActiveCfg = Debug|Any CPU
		{499EB63C-D74C-47E8-AE48-A2FC94538E9D}.Debug_mt|x86.Build.0 = Debug|Any CPU
		{499EB63C-D74C-47E8-AE48-A2FC94538E9D}.Debug|Any CPU.ActiveCfg = Debug|Any CPU
		{499EB63C-D74C-47E8-AE48-A2FC94538E9D}.Debug|Any CPU.Build.0 = Debug|Any CPU
		{499EB63C-D74C-47E8-AE48-A2FC94538E9D}.Debug|x64.ActiveCfg = Debug|Any CPU
		{499EB63C-D74C-47E8-AE48-A2FC94538E9D}.Debug|x64.Build.0 = Debug|Any CPU
		{499EB63C-D74C-47E8-AE48-A2FC94538E9D}.Debug|x86.ActiveCfg = Debug|Any CPU
		{499EB63C-D74C-47E8-AE48-A2FC94538E9D}.Debug|x86.Build.0 = Debug|Any CPU
		{499EB63C-D74C-47E8-AE48-A2FC94538E9D}.Release_mt|Any CPU.ActiveCfg = Release|Any CPU
		{499EB63C-D74C-47E8-AE48-A2FC94538E9D}.Release_mt|Any CPU.Build.0 = Release|Any CPU
		{499EB63C-D74C-47E8-AE48-A2FC94538E9D}.Release_mt|x64.ActiveCfg = Release|Any CPU
		{499EB63C-D74C-47E8-AE48-A2FC94538E9D}.Release_mt|x64.Build.0 = Release|Any CPU
		{499EB63C-D74C-47E8-AE48-A2FC94538E9D}.Release_mt|x86.ActiveCfg = Release|Any CPU
		{499EB63C-D74C-47E8-AE48-A2FC94538E9D}.Release_mt|x86.Build.0 = Release|Any CPU
		{499EB63C-D74C-47E8-AE48-A2FC94538E9D}.Release|Any CPU.ActiveCfg = Release|Any CPU
		{499EB63C-D74C-47E8-AE48-A2FC94538E9D}.Release|Any CPU.Build.0 = Release|Any CPU
		{499EB63C-D74C-47E8-AE48-A2FC94538E9D}.Release|x64.ActiveCfg = Release|Any CPU
		{499EB63C-D74C-47E8-AE48-A2FC94538E9D}.Release|x64.Build.0 = Release|Any CPU
		{499EB63C-D74C-47E8-AE48-A2FC94538E9D}.Release|x86.ActiveCfg = Release|Any CPU
		{499EB63C-D74C-47E8-AE48-A2FC94538E9D}.Release|x86.Build.0 = Release|Any CPU
		{E48FB0B2-B2D7-492C-A612-6B8A67A6DA81}.Debug_mt|Any CPU.ActiveCfg = Debug|Any CPU
		{E48FB0B2-B2D7-492C-A612-6B8A67A6DA81}.Debug_mt|Any CPU.Build.0 = Debug|Any CPU
		{E48FB0B2-B2D7-492C-A612-6B8A67A6DA81}.Debug_mt|x64.ActiveCfg = Debug|Any CPU
		{E48FB0B2-B2D7-492C-A612-6B8A67A6DA81}.Debug_mt|x64.Build.0 = Debug|Any CPU
		{E48FB0B2-B2D7-492C-A612-6B8A67A6DA81}.Debug_mt|x86.ActiveCfg = Debug|Any CPU
		{E48FB0B2-B2D7-492C-A612-6B8A67A6DA81}.Debug_mt|x86.Build.0 = Debug|Any CPU
		{E48FB0B2-B2D7-492C-A612-6B8A67A6DA81}.Debug|Any CPU.ActiveCfg = Debug|Any CPU
		{E48FB0B2-B2D7-492C-A612-6B8A67A6DA81}.Debug|Any CPU.Build.0 = Debug|Any CPU
		{E48FB0B2-B2D7-492C-A612-6B8A67A6DA81}.Debug|x64.ActiveCfg = Debug|Any CPU
		{E48FB0B2-B2D7-492C-A612-6B8A67A6DA81}.Debug|x64.Build.0 = Debug|Any CPU
		{E48FB0B2-B2D7-492C-A612-6B8A67A6DA81}.Debug|x86.ActiveCfg = Debug|Any CPU
		{E48FB0B2-B2D7-492C-A612-6B8A67A6DA81}.Debug|x86.Build.0 = Debug|Any CPU
		{E48FB0B2-B2D7-492C-A612-6B8A67A6DA81}.Release_mt|Any CPU.ActiveCfg = Release|Any CPU
		{E48FB0B2-B2D7-492C-A612-6B8A67A6DA81}.Release_mt|Any CPU.Build.0 = Release|Any CPU
		{E48FB0B2-B2D7-492C-A612-6B8A67A6DA81}.Release_mt|x64.ActiveCfg = Release|Any CPU
		{E48FB0B2-B2D7-492C-A612-6B8A67A6DA81}.Release_mt|x64.Build.0 = Release|Any CPU
		{E48FB0B2-B2D7-492C-A612-6B8A67A6DA81}.Release_mt|x86.ActiveCfg = Release|Any CPU
		{E48FB0B2-B2D7-492C-A612-6B8A67A6DA81}.Release_mt|x86.Build.0 = Release|Any CPU
		{E48FB0B2-B2D7-492C-A612-6B8A67A6DA81}.Release|Any CPU.ActiveCfg = Release|Any CPU
		{E48FB0B2-B2D7-492C-A612-6B8A67A6DA81}.Release|Any CPU.Build.0 = Release|Any CPU
		{E48FB0B2-B2D7-492C-A612-6B8A67A6DA81}.Release|x64.ActiveCfg = Release|Any CPU
		{E48FB0B2-B2D7-492C-A612-6B8A67A6DA81}.Release|x64.Build.0 = Release|Any CPU
		{E48FB0B2-B2D7-492C-A612-6B8A67A6DA81}.Release|x86.ActiveCfg = Release|Any CPU
		{E48FB0B2-B2D7-492C-A612-6B8A67A6DA81}.Release|x86.Build.0 = Release|Any CPU
		{9F76E2D7-FECC-45A4-9D8E-425FA9E3D9A6}.Debug_mt|Any CPU.ActiveCfg = Debug|Any CPU
		{9F76E2D7-FECC-45A4-9D8E-425FA9E3D9A6}.Debug_mt|Any CPU.Build.0 = Debug|Any CPU
		{9F76E2D7-FECC-45A4-9D8E-425FA9E3D9A6}.Debug_mt|x64.ActiveCfg = Debug|Any CPU
		{9F76E2D7-FECC-45A4-9D8E-425FA9E3D9A6}.Debug_mt|x64.Build.0 = Debug|Any CPU
		{9F76E2D7-FECC-45A4-9D8E-425FA9E3D9A6}.Debug_mt|x86.ActiveCfg = Debug|Any CPU
		{9F76E2D7-FECC-45A4-9D8E-425FA9E3D9A6}.Debug_mt|x86.Build.0 = Debug|Any CPU
		{9F76E2D7-FECC-45A4-9D8E-425FA9E3D9A6}.Debug|Any CPU.ActiveCfg = Debug|Any CPU
		{9F76E2D7-FECC-45A4-9D8E-425FA9E3D9A6}.Debug|Any CPU.Build.0 = Debug|Any CPU
		{9F76E2D7-FECC-45A4-9D8E-425FA9E3D9A6}.Debug|x64.ActiveCfg = Debug|Any CPU
		{9F76E2D7-FECC-45A4-9D8E-425FA9E3D9A6}.Debug|x64.Build.0 = Debug|Any CPU
		{9F76E2D7-FECC-45A4-9D8E-425FA9E3D9A6}.Debug|x86.ActiveCfg = Debug|Any CPU
		{9F76E2D7-FECC-45A4-9D8E-425FA9E3D9A6}.Debug|x86.Build.0 = Debug|Any CPU
		{9F76E2D7-FECC-45A4-9D8E-425FA9E3D9A6}.Release_mt|Any CPU.ActiveCfg = Release|Any CPU
		{9F76E2D7-FECC-45A4-9D8E-425FA9E3D9A6}.Release_mt|Any CPU.Build.0 = Release|Any CPU
		{9F76E2D7-FECC-45A4-9D8E-425FA9E3D9A6}.Release_mt|x64.ActiveCfg = Release|Any CPU
		{9F76E2D7-FECC-45A4-9D8E-425FA9E3D9A6}.Release_mt|x64.Build.0 = Release|Any CPU
		{9F76E2D7-FECC-45A4-9D8E-425FA9E3D9A6}.Release_mt|x86.ActiveCfg = Release|Any CPU
		{9F76E2D7-FECC-45A4-9D8E-425FA9E3D9A6}.Release_mt|x86.Build.0 = Release|Any CPU
		{9F76E2D7-FECC-45A4-9D8E-425FA9E3D9A6}.Release|Any CPU.ActiveCfg = Release|Any CPU
		{9F76E2D7-FECC-45A4-9D8E-425FA9E3D9A6}.Release|Any CPU.Build.0 = Release|Any CPU
		{9F76E2D7-FECC-45A4-9D8E-425FA9E3D9A6}.Release|x64.ActiveCfg = Release|Any CPU
		{9F76E2D7-FECC-45A4-9D8E-425FA9E3D9A6}.Release|x64.Build.0 = Release|Any CPU
		{9F76E2D7-FECC-45A4-9D8E-425FA9E3D9A6}.Release|x86.ActiveCfg = Release|Any CPU
		{9F76E2D7-FECC-45A4-9D8E-425FA9E3D9A6}.Release|x86.Build.0 = Release|Any CPU
		{53A8C60D-9B8E-4A2F-A778-FE50D1973C7F}.Debug_mt|Any CPU.ActiveCfg = Debug|Any CPU
		{53A8C60D-9B8E-4A2F-A778-FE50D1973C7F}.Debug_mt|Any CPU.Build.0 = Debug|Any CPU
		{53A8C60D-9B8E-4A2F-A778-FE50D1973C7F}.Debug_mt|x64.ActiveCfg = Debug|Any CPU
		{53A8C60D-9B8E-4A2F-A778-FE50D1973C7F}.Debug_mt|x64.Build.0 = Debug|Any CPU
		{53A8C60D-9B8E-4A2F-A778-FE50D1973C7F}.Debug_mt|x86.ActiveCfg = Debug|Any CPU
		{53A8C60D-9B8E-4A2F-A778-FE50D1973C7F}.Debug_mt|x86.Build.0 = Debug|Any CPU
		{53A8C60D-9B8E-4A2F-A778-FE50D1973C7F}.Debug|Any CPU.ActiveCfg = Debug|Any CPU
		{53A8C60D-9B8E-4A2F-A778-FE50D1973C7F}.Debug|Any CPU.Build.0 = Debug|Any CPU
		{53A8C60D-9B8E-4A2F-A778-FE50D1973C7F}.Debug|x64.ActiveCfg = Debug|Any CPU
		{53A8C60D-9B8E-4A2F-A778-FE50D1973C7F}.Debug|x64.Build.0 = Debug|Any CPU
		{53A8C60D-9B8E-4A2F-A778-FE50D1973C7F}.Debug|x86.ActiveCfg = Debug|Any CPU
		{53A8C60D-9B8E-4A2F-A778-FE50D1973C7F}.Debug|x86.Build.0 = Debug|Any CPU
		{53A8C60D-9B8E-4A2F-A778-FE50D1973C7F}.Release_mt|Any CPU.ActiveCfg = Release|Any CPU
		{53A8C60D-9B8E-4A2F-A778-FE50D1973C7F}.Release_mt|Any CPU.Build.0 = Release|Any CPU
		{53A8C60D-9B8E-4A2F-A778-FE50D1973C7F}.Release_mt|x64.ActiveCfg = Release|Any CPU
		{53A8C60D-9B8E-4A2F-A778-FE50D1973C7F}.Release_mt|x64.Build.0 = Release|Any CPU
		{53A8C60D-9B8E-4A2F-A778-FE50D1973C7F}.Release_mt|x86.ActiveCfg = Release|Any CPU
		{53A8C60D-9B8E-4A2F-A778-FE50D1973C7F}.Release_mt|x86.Build.0 = Release|Any CPU
		{53A8C60D-9B8E-4A2F-A778-FE50D1973C7F}.Release|Any CPU.ActiveCfg = Release|Any CPU
		{53A8C60D-9B8E-4A2F-A778-FE50D1973C7F}.Release|Any CPU.Build.0 = Release|Any CPU
		{53A8C60D-9B8E-4A2F-A778-FE50D1973C7F}.Release|x64.ActiveCfg = Release|Any CPU
		{53A8C60D-9B8E-4A2F-A778-FE50D1973C7F}.Release|x64.Build.0 = Release|Any CPU
		{53A8C60D-9B8E-4A2F-A778-FE50D1973C7F}.Release|x86.ActiveCfg = Release|Any CPU
		{53A8C60D-9B8E-4A2F-A778-FE50D1973C7F}.Release|x86.Build.0 = Release|Any CPU
		{D2FFD3AF-2FE2-4DBA-A7F4-111224570776}.Debug_mt|Any CPU.ActiveCfg = Debug|Any CPU
		{D2FFD3AF-2FE2-4DBA-A7F4-111224570776}.Debug_mt|Any CPU.Build.0 = Debug|Any CPU
		{D2FFD3AF-2FE2-4DBA-A7F4-111224570776}.Debug_mt|x64.ActiveCfg = Debug|Any CPU
		{D2FFD3AF-2FE2-4DBA-A7F4-111224570776}.Debug_mt|x64.Build.0 = Debug|Any CPU
		{D2FFD3AF-2FE2-4DBA-A7F4-111224570776}.Debug_mt|x86.ActiveCfg = Debug|Any CPU
		{D2FFD3AF-2FE2-4DBA-A7F4-111224570776}.Debug_mt|x86.Build.0 = Debug|Any CPU
		{D2FFD3AF-2FE2-4DBA-A7F4-111224570776}.Debug|Any CPU.ActiveCfg = Debug|Any CPU
		{D2FFD3AF-2FE2-4DBA-A7F4-111224570776}.Debug|Any CPU.Build.0 = Debug|Any CPU
		{D2FFD3AF-2FE2-4DBA-A7F4-111224570776}.Debug|x64.ActiveCfg = Debug|Any CPU
		{D2FFD3AF-2FE2-4DBA-A7F4-111224570776}.Debug|x64.Build.0 = Debug|Any CPU
		{D2FFD3AF-2FE2-4DBA-A7F4-111224570776}.Debug|x86.ActiveCfg = Debug|Any CPU
		{D2FFD3AF-2FE2-4DBA-A7F4-111224570776}.Debug|x86.Build.0 = Debug|Any CPU
		{D2FFD3AF-2FE2-4DBA-A7F4-111224570776}.Release_mt|Any CPU.ActiveCfg = Release|Any CPU
		{D2FFD3AF-2FE2-4DBA-A7F4-111224570776}.Release_mt|Any CPU.Build.0 = Release|Any CPU
		{D2FFD3AF-2FE2-4DBA-A7F4-111224570776}.Release_mt|x64.ActiveCfg = Release|Any CPU
		{D2FFD3AF-2FE2-4DBA-A7F4-111224570776}.Release_mt|x64.Build.0 = Release|Any CPU
		{D2FFD3AF-2FE2-4DBA-A7F4-111224570776}.Release_mt|x86.ActiveCfg = Release|Any CPU
		{D2FFD3AF-2FE2-4DBA-A7F4-111224570776}.Release_mt|x86.Build.0 = Release|Any CPU
		{D2FFD3AF-2FE2-4DBA-A7F4-111224570776}.Release|Any CPU.ActiveCfg = Release|Any CPU
		{D2FFD3AF-2FE2-4DBA-A7F4-111224570776}.Release|Any CPU.Build.0 = Release|Any CPU
		{D2FFD3AF-2FE2-4DBA-A7F4-111224570776}.Release|x64.ActiveCfg = Release|Any CPU
		{D2FFD3AF-2FE2-4DBA-A7F4-111224570776}.Release|x64.Build.0 = Release|Any CPU
		{D2FFD3AF-2FE2-4DBA-A7F4-111224570776}.Release|x86.ActiveCfg = Release|Any CPU
		{D2FFD3AF-2FE2-4DBA-A7F4-111224570776}.Release|x86.Build.0 = Release|Any CPU
		{B98B79D4-506D-4128-85C5-86DBAFDFCCA2}.Debug_mt|Any CPU.ActiveCfg = Release|x64
		{B98B79D4-506D-4128-85C5-86DBAFDFCCA2}.Debug_mt|Any CPU.Build.0 = Release|x64
		{B98B79D4-506D-4128-85C5-86DBAFDFCCA2}.Debug_mt|x64.ActiveCfg = Debug|x64
		{B98B79D4-506D-4128-85C5-86DBAFDFCCA2}.Debug_mt|x64.Build.0 = Debug|x64
		{B98B79D4-506D-4128-85C5-86DBAFDFCCA2}.Debug_mt|x86.ActiveCfg = Debug|Win32
		{B98B79D4-506D-4128-85C5-86DBAFDFCCA2}.Debug_mt|x86.Build.0 = Debug|Win32
		{B98B79D4-506D-4128-85C5-86DBAFDFCCA2}.Debug|Any CPU.ActiveCfg = Debug|Win32
		{B98B79D4-506D-4128-85C5-86DBAFDFCCA2}.Debug|x64.ActiveCfg = Debug|x64
		{B98B79D4-506D-4128-85C5-86DBAFDFCCA2}.Debug|x64.Build.0 = Debug|x64
		{B98B79D4-506D-4128-85C5-86DBAFDFCCA2}.Debug|x86.ActiveCfg = Debug|Win32
		{B98B79D4-506D-4128-85C5-86DBAFDFCCA2}.Debug|x86.Build.0 = Debug|Win32
		{B98B79D4-506D-4128-85C5-86DBAFDFCCA2}.Release_mt|Any CPU.ActiveCfg = Release|x64
		{B98B79D4-506D-4128-85C5-86DBAFDFCCA2}.Release_mt|Any CPU.Build.0 = Release|x64
		{B98B79D4-506D-4128-85C5-86DBAFDFCCA2}.Release_mt|x64.ActiveCfg = Release|x64
		{B98B79D4-506D-4128-85C5-86DBAFDFCCA2}.Release_mt|x64.Build.0 = Release|x64
		{B98B79D4-506D-4128-85C5-86DBAFDFCCA2}.Release_mt|x86.ActiveCfg = Release|Win32
		{B98B79D4-506D-4128-85C5-86DBAFDFCCA2}.Release_mt|x86.Build.0 = Release|Win32
		{B98B79D4-506D-4128-85C5-86DBAFDFCCA2}.Release|Any CPU.ActiveCfg = Release|Win32
		{B98B79D4-506D-4128-85C5-86DBAFDFCCA2}.Release|x64.ActiveCfg = Release|x64
		{B98B79D4-506D-4128-85C5-86DBAFDFCCA2}.Release|x64.Build.0 = Release|x64
		{B98B79D4-506D-4128-85C5-86DBAFDFCCA2}.Release|x86.ActiveCfg = Release|Win32
		{B98B79D4-506D-4128-85C5-86DBAFDFCCA2}.Release|x86.Build.0 = Release|Win32
		{3729A82A-A1DB-4327-BA23-5C1C24D5C75E}.Debug_mt|Any CPU.ActiveCfg = Debug|Any CPU
		{3729A82A-A1DB-4327-BA23-5C1C24D5C75E}.Debug_mt|Any CPU.Build.0 = Debug|Any CPU
		{3729A82A-A1DB-4327-BA23-5C1C24D5C75E}.Debug_mt|x64.ActiveCfg = Debug|Any CPU
		{3729A82A-A1DB-4327-BA23-5C1C24D5C75E}.Debug_mt|x64.Build.0 = Debug|Any CPU
		{3729A82A-A1DB-4327-BA23-5C1C24D5C75E}.Debug_mt|x86.ActiveCfg = Debug|Any CPU
		{3729A82A-A1DB-4327-BA23-5C1C24D5C75E}.Debug_mt|x86.Build.0 = Debug|Any CPU
		{3729A82A-A1DB-4327-BA23-5C1C24D5C75E}.Debug|Any CPU.ActiveCfg = Debug|Any CPU
		{3729A82A-A1DB-4327-BA23-5C1C24D5C75E}.Debug|Any CPU.Build.0 = Debug|Any CPU
		{3729A82A-A1DB-4327-BA23-5C1C24D5C75E}.Debug|x64.ActiveCfg = Debug|Any CPU
		{3729A82A-A1DB-4327-BA23-5C1C24D5C75E}.Debug|x64.Build.0 = Debug|Any CPU
		{3729A82A-A1DB-4327-BA23-5C1C24D5C75E}.Debug|x86.ActiveCfg = Debug|Any CPU
		{3729A82A-A1DB-4327-BA23-5C1C24D5C75E}.Debug|x86.Build.0 = Debug|Any CPU
		{3729A82A-A1DB-4327-BA23-5C1C24D5C75E}.Release_mt|Any CPU.ActiveCfg = Release|Any CPU
		{3729A82A-A1DB-4327-BA23-5C1C24D5C75E}.Release_mt|Any CPU.Build.0 = Release|Any CPU
		{3729A82A-A1DB-4327-BA23-5C1C24D5C75E}.Release_mt|x64.ActiveCfg = Release|Any CPU
		{3729A82A-A1DB-4327-BA23-5C1C24D5C75E}.Release_mt|x64.Build.0 = Release|Any CPU
		{3729A82A-A1DB-4327-BA23-5C1C24D5C75E}.Release_mt|x86.ActiveCfg = Release|Any CPU
		{3729A82A-A1DB-4327-BA23-5C1C24D5C75E}.Release_mt|x86.Build.0 = Release|Any CPU
		{3729A82A-A1DB-4327-BA23-5C1C24D5C75E}.Release|Any CPU.ActiveCfg = Release|Any CPU
		{3729A82A-A1DB-4327-BA23-5C1C24D5C75E}.Release|Any CPU.Build.0 = Release|Any CPU
		{3729A82A-A1DB-4327-BA23-5C1C24D5C75E}.Release|x64.ActiveCfg = Release|Any CPU
		{3729A82A-A1DB-4327-BA23-5C1C24D5C75E}.Release|x64.Build.0 = Release|Any CPU
		{3729A82A-A1DB-4327-BA23-5C1C24D5C75E}.Release|x86.ActiveCfg = Release|Any CPU
		{3729A82A-A1DB-4327-BA23-5C1C24D5C75E}.Release|x86.Build.0 = Release|Any CPU
	EndGlobalSection
	GlobalSection(SolutionProperties) = preSolution
		HideSolutionNode = FALSE
	EndGlobalSection
	GlobalSection(NestedProjects) = preSolution
		{0C3F3187-05AB-4579-A87A-7798DD22B09C} = {3EED83D6-C656-4347-A1B3-A82730377DAB}
		{28CF6630-ABBD-43F5-8F2D-A74449E86CD1} = {3EED83D6-C656-4347-A1B3-A82730377DAB}
		{690773DD-F715-4956-9471-357B1F81D933} = {3EED83D6-C656-4347-A1B3-A82730377DAB}
		{DD26F57E-60F2-4F37-A616-D219A9BF338F} = {9D2F48E7-8F99-45F2-8813-3E2F1F23EC7B}
		{7F95F91F-5158-4B26-8908-E7FE99DE727F} = {9D2F48E7-8F99-45F2-8813-3E2F1F23EC7B}
		{856B8D54-FA32-437D-9D6D-D04EC931E5BA} = {15D6DC0F-87CF-42C6-8AA6-85B3DE40BC0E}
		{643518C4-B9C5-48CE-890C-FB2A52F0EDA1} = {3EED83D6-C656-4347-A1B3-A82730377DAB}
		{66AACB9D-2D46-446D-82DF-4EBF12A49F62} = {9D2F48E7-8F99-45F2-8813-3E2F1F23EC7B}
		{00FDDB01-E298-4BD2-A262-8DF64F1749FF} = {59076E6A-0FA2-4B78-965F-D5FC0A0D1B24}
		{03765EF7-9F16-47AE-8E57-7099BDC8ECCD} = {9D2F48E7-8F99-45F2-8813-3E2F1F23EC7B}
		{499EB63C-D74C-47E8-AE48-A2FC94538E9D} = {3EED83D6-C656-4347-A1B3-A82730377DAB}
		{E48FB0B2-B2D7-492C-A612-6B8A67A6DA81} = {15D6DC0F-87CF-42C6-8AA6-85B3DE40BC0E}
		{9F76E2D7-FECC-45A4-9D8E-425FA9E3D9A6} = {15D6DC0F-87CF-42C6-8AA6-85B3DE40BC0E}
		{53A8C60D-9B8E-4A2F-A778-FE50D1973C7F} = {15D6DC0F-87CF-42C6-8AA6-85B3DE40BC0E}
		{D2FFD3AF-2FE2-4DBA-A7F4-111224570776} = {15D6DC0F-87CF-42C6-8AA6-85B3DE40BC0E}
		{B98B79D4-506D-4128-85C5-86DBAFDFCCA2} = {9D2F48E7-8F99-45F2-8813-3E2F1F23EC7B}
		{3729A82A-A1DB-4327-BA23-5C1C24D5C75E} = {59076E6A-0FA2-4B78-965F-D5FC0A0D1B24}
	EndGlobalSection
	GlobalSection(ExtensibilityGlobals) = postSolution
		SolutionGuid = {ACF10ABC-FBFC-476E-A4C4-3FF07BD5BEB8}
	EndGlobalSection
EndGlobal
