<?xml version="1.0" encoding="utf-8"?>
<Project ToolsVersion="4.0" xmlns="http://schemas.microsoft.com/developer/msbuild/2003">
  <ItemGroup>
    <Filter Include="Source Files">
      <UniqueIdentifier>{4FC737F1-C7A5-4376-A066-2A32D752A2FF}</UniqueIdentifier>
      <Extensions>cpp;c;cc;cxx;def;odl;idl;hpj;bat;asm;asmx</Extensions>
    </Filter>
    <Filter Include="Header Files">
      <UniqueIdentifier>{93995380-89BD-4b04-88EB-625FBE52EBFB}</UniqueIdentifier>
      <Extensions>h;hh;hpp;hxx;hm;inl;inc;xsd</Extensions>
    </Filter>
    <Filter Include="Resource Files">
      <UniqueIdentifier>{67DA6AB6-F800-4c08-8B7A-83BB121AAD01}</UniqueIdentifier>
      <Extensions>rc;ico;cur;bmp;dlg;rc2;rct;bin;rgs;gif;jpg;jpeg;jpe;resx;tiff;tif;png;wav;mfcribbon-ms</Extensions>
    </Filter>
    <Filter Include="Source Files\TestCase">
      <UniqueIdentifier>{d655358b-4f32-429d-905a-24f5388374c7}</UniqueIdentifier>
    </Filter>
  </ItemGroup>
  <ItemGroup>
    <ClInclude Include="stdafx.h">
      <Filter>Header Files</Filter>
    </ClInclude>
    <ClInclude Include="targetver.h">
      <Filter>Header Files</Filter>
    </ClInclude>
    <ClInclude Include="TestCase\Layer0Test.h">
      <Filter>Source Files\TestCase</Filter>
    </ClInclude>
    <ClInclude Include="TestCase\StorageLayerTest.h">
      <Filter>Source Files\TestCase</Filter>
    </ClInclude>
    <ClInclude Include="TestCase\SettingSystemTest.h">
      <Filter>Source Files\TestCase</Filter>
    </ClInclude>
    <ClInclude Include="TestCase\BCServiceTest.h">
      <Filter>Source Files\TestCase</Filter>
    </ClInclude>
    <ClInclude Include="TestCase\InputManagerTest.h">
      <Filter>Source Files\TestCase</Filter>
    </ClInclude>
    <ClInclude Include="TestCase\BaseUnitTest.h">
      <Filter>Source Files\TestCase</Filter>
    </ClInclude>
    <ClInclude Include="TestCase\L10NServiceTest.h">
      <Filter>Source Files\TestCase</Filter>
    </ClInclude>
    <ClInclude Include="TestCase\RuyiNetTest.h">
      <Filter>Source Files\TestCase</Filter>
    </ClInclude>
  </ItemGroup>
  <ItemGroup>
    <ClCompile Include="TestCase\Layer0Test.cpp">
      <Filter>Source Files\TestCase</Filter>
    </ClCompile>
    <ClCompile Include="TestCase\StorageLayerTest.cpp">
      <Filter>Source Files\TestCase</Filter>
    </ClCompile>
    <ClCompile Include="TestCase\SettingSystemTest.cpp">
      <Filter>Source Files\TestCase</Filter>
    </ClCompile>
    <ClCompile Include="TestCase\BCServiceTest.cpp">
      <Filter>Source Files\TestCase</Filter>
    </ClCompile>
    <ClCompile Include="TestCase\InputManagerTest.cpp">
      <Filter>Source Files\TestCase</Filter>
    </ClCompile>
    <ClCompile Include="TestCase\BaseUnitTest.cpp">
      <Filter>Source Files\TestCase</Filter>
    </ClCompile>
    <ClCompile Include="TestCase\L10NServiceTest.cpp">
      <Filter>Source Files\TestCase</Filter>
    </ClCompile>
    <ClCompile Include="StorageTester.cpp">
      <Filter>Source Files</Filter>
    </ClCompile>
    <ClCompile Include="InputManagerTester.cpp">
      <Filter>Source Files</Filter>
    </ClCompile>
    <ClCompile Include="L10NTester.cpp">
      <Filter>Source Files</Filter>
    </ClCompile>
    <ClCompile Include="SettingSystemTester.cpp">
      <Filter>Source Files</Filter>
    </ClCompile>
    <ClCompile Include="BrainCloudTester.cpp">
      <Filter>Source Files</Filter>
    </ClCompile>
    <ClCompile Include="TestCase\RuyiNetTest.cpp">
      <Filter>Source Files\TestCase</Filter>
    </ClCompile>
    <ClCompile Include="RuyiNetTester.cpp">
      <Filter>Source Files</Filter>
    </ClCompile>
  </ItemGroup>
</Project>